
Microsoft Visual Studio Solution File, Format Version 12.00
# Visual Studio 14
VisualStudioVersion = 14.0.22609.0
MinimumVisualStudioVersion = 10.0.40219.1
Project("{FAE04EC0-301F-11D3-BF4B-00C04F79EFBC}") = "AppSterdam.Xamarin.Android", "AppSterdam.Xamarin.Android\AppSterdam.Xamarin.Android.csproj", "{758AA869-E47E-4672-ABC5-A8BF21B5F1B9}"
EndProject
Project("{2150E333-8FDC-42A3-9474-1A3956D46DE8}") = "Xamarin", "Xamarin", "{6D39788C-8525-4A81-9A7A-716C005C8950}"
EndProject
Project("{FAE04EC0-301F-11D3-BF4B-00C04F79EFBC}") = "AppSterdam.Xamarin.Shared", "AppSterdam.Xamarin.Shared\AppSterdam.Xamarin.Shared.csproj", "{D2DF0C77-203B-47B8-AB6D-100D2F05A8C9}"
EndProject
Project("{FAE04EC0-301F-11D3-BF4B-00C04F79EFBC}") = "AppSterdam.Xamarin.WindowsPhone", "AppSterdam.Xamarin.WindowsPhone\AppSterdam.Xamarin.WindowsPhone.csproj", "{A378B9A3-921B-45F7-9F4A-EF10F4F8E2E1}"
EndProject
Project("{FAE04EC0-301F-11D3-BF4B-00C04F79EFBC}") = "AppSterdam.Xamarin.iOS", "AppSterdam.Xamarin.iOS\AppSterdam.Xamarin.iOS.csproj", "{C9B4FA31-80F8-4C25-84CB-377C40719C41}"
EndProject
Project("{2150E333-8FDC-42A3-9474-1A3956D46DE8}") = "Xamarin Forms", "Xamarin Forms", "{B200851D-02A7-49FF-A793-C2B07735B25A}"
EndProject
Project("{FAE04EC0-301F-11D3-BF4B-00C04F79EFBC}") = "AppSterdam.Forms", "AppSterdam.Forms\AppSterdam.Forms\AppSterdam.Forms.csproj", "{2E590047-448D-43F9-AECC-BFC181182346}"
EndProject
Project("{FAE04EC0-301F-11D3-BF4B-00C04F79EFBC}") = "AppSterdam.Forms.iOS", "AppSterdam.Forms\AppSterdam.Forms.iOS\AppSterdam.Forms.iOS.csproj", "{550DF2F3-B5B2-42DC-88A4-482C684D7E2A}"
EndProject
Project("{FAE04EC0-301F-11D3-BF4B-00C04F79EFBC}") = "AppSterdam.Forms.Droid", "AppSterdam.Forms\AppSterdam.Forms.Droid\AppSterdam.Forms.Droid.csproj", "{4B63441B-9134-4E9D-8D1E-1607401A54E1}"
EndProject
Project("{FAE04EC0-301F-11D3-BF4B-00C04F79EFBC}") = "AppSterdam.Forms.WinPhone", "AppSterdam.Forms\AppSterdam.Forms.WinPhone\AppSterdam.Forms.WinPhone.csproj", "{6D88959D-37EF-4822-9871-8C9972633FA6}"
EndProject
Project("{2150E333-8FDC-42A3-9474-1A3956D46DE8}") = "Xamarin Forms Differences", "Xamarin Forms Differences", "{CC759AB5-7310-4BC6-8051-E8FBEBF61013}"
EndProject
Project("{FAE04EC0-301F-11D3-BF4B-00C04F79EFBC}") = "AppSterdam.Forms.Differences", "AppSterdam.Forms.Differences\AppSterdam.Forms.Differences\AppSterdam.Forms.Differences.csproj", "{6A2C7D56-AD7B-47FF-ACEE-97D0743874A3}"
EndProject
Project("{FAE04EC0-301F-11D3-BF4B-00C04F79EFBC}") = "AppSterdam.Forms.Differences.iOS", "AppSterdam.Forms.Differences\AppSterdam.Forms.Differences.iOS\AppSterdam.Forms.Differences.iOS.csproj", "{1836BA69-DE73-4F01-AAD7-5096AC1BC3D1}"
EndProject
Project("{FAE04EC0-301F-11D3-BF4B-00C04F79EFBC}") = "AppSterdam.Forms.Differences.Droid", "AppSterdam.Forms.Differences\AppSterdam.Forms.Differences.Droid\AppSterdam.Forms.Differences.Droid.csproj", "{BEFEAF71-EE20-4864-AB37-A3579E8E9253}"
EndProject
Project("{FAE04EC0-301F-11D3-BF4B-00C04F79EFBC}") = "AppSterdam.Forms.Differences.WinPhone", "AppSterdam.Forms.Differences\AppSterdam.Forms.Differences.WinPhone\AppSterdam.Forms.Differences.WinPhone.csproj", "{FF4E71B3-FB16-40B2-9A7C-A4BDBAC50F4F}"
EndProject
Global
	GlobalSection(SolutionConfigurationPlatforms) = preSolution
		Ad-Hoc|Any CPU = Ad-Hoc|Any CPU
		Ad-Hoc|ARM = Ad-Hoc|ARM
		Ad-Hoc|iPhone = Ad-Hoc|iPhone
		Ad-Hoc|iPhoneSimulator = Ad-Hoc|iPhoneSimulator
		Ad-Hoc|x86 = Ad-Hoc|x86
		AppStore|Any CPU = AppStore|Any CPU
		AppStore|ARM = AppStore|ARM
		AppStore|iPhone = AppStore|iPhone
		AppStore|iPhoneSimulator = AppStore|iPhoneSimulator
		AppStore|x86 = AppStore|x86
		Debug|Any CPU = Debug|Any CPU
		Debug|ARM = Debug|ARM
		Debug|iPhone = Debug|iPhone
		Debug|iPhoneSimulator = Debug|iPhoneSimulator
		Debug|x86 = Debug|x86
		Release|Any CPU = Release|Any CPU
		Release|ARM = Release|ARM
		Release|iPhone = Release|iPhone
		Release|iPhoneSimulator = Release|iPhoneSimulator
		Release|x86 = Release|x86
	EndGlobalSection
	GlobalSection(ProjectConfigurationPlatforms) = postSolution
		{758AA869-E47E-4672-ABC5-A8BF21B5F1B9}.Ad-Hoc|Any CPU.ActiveCfg = Release|Any CPU
		{758AA869-E47E-4672-ABC5-A8BF21B5F1B9}.Ad-Hoc|Any CPU.Build.0 = Release|Any CPU
		{758AA869-E47E-4672-ABC5-A8BF21B5F1B9}.Ad-Hoc|Any CPU.Deploy.0 = Release|Any CPU
		{758AA869-E47E-4672-ABC5-A8BF21B5F1B9}.Ad-Hoc|ARM.ActiveCfg = Release|Any CPU
		{758AA869-E47E-4672-ABC5-A8BF21B5F1B9}.Ad-Hoc|ARM.Build.0 = Release|Any CPU
		{758AA869-E47E-4672-ABC5-A8BF21B5F1B9}.Ad-Hoc|ARM.Deploy.0 = Release|Any CPU
		{758AA869-E47E-4672-ABC5-A8BF21B5F1B9}.Ad-Hoc|iPhone.ActiveCfg = Release|Any CPU
		{758AA869-E47E-4672-ABC5-A8BF21B5F1B9}.Ad-Hoc|iPhone.Build.0 = Release|Any CPU
		{758AA869-E47E-4672-ABC5-A8BF21B5F1B9}.Ad-Hoc|iPhone.Deploy.0 = Release|Any CPU
		{758AA869-E47E-4672-ABC5-A8BF21B5F1B9}.Ad-Hoc|iPhoneSimulator.ActiveCfg = Release|Any CPU
		{758AA869-E47E-4672-ABC5-A8BF21B5F1B9}.Ad-Hoc|iPhoneSimulator.Build.0 = Release|Any CPU
		{758AA869-E47E-4672-ABC5-A8BF21B5F1B9}.Ad-Hoc|iPhoneSimulator.Deploy.0 = Release|Any CPU
		{758AA869-E47E-4672-ABC5-A8BF21B5F1B9}.Ad-Hoc|x86.ActiveCfg = Release|Any CPU
		{758AA869-E47E-4672-ABC5-A8BF21B5F1B9}.Ad-Hoc|x86.Build.0 = Release|Any CPU
		{758AA869-E47E-4672-ABC5-A8BF21B5F1B9}.Ad-Hoc|x86.Deploy.0 = Release|Any CPU
		{758AA869-E47E-4672-ABC5-A8BF21B5F1B9}.AppStore|Any CPU.ActiveCfg = Release|Any CPU
		{758AA869-E47E-4672-ABC5-A8BF21B5F1B9}.AppStore|Any CPU.Build.0 = Release|Any CPU
		{758AA869-E47E-4672-ABC5-A8BF21B5F1B9}.AppStore|Any CPU.Deploy.0 = Release|Any CPU
		{758AA869-E47E-4672-ABC5-A8BF21B5F1B9}.AppStore|ARM.ActiveCfg = Release|Any CPU
		{758AA869-E47E-4672-ABC5-A8BF21B5F1B9}.AppStore|ARM.Build.0 = Release|Any CPU
		{758AA869-E47E-4672-ABC5-A8BF21B5F1B9}.AppStore|ARM.Deploy.0 = Release|Any CPU
		{758AA869-E47E-4672-ABC5-A8BF21B5F1B9}.AppStore|iPhone.ActiveCfg = Release|Any CPU
		{758AA869-E47E-4672-ABC5-A8BF21B5F1B9}.AppStore|iPhone.Build.0 = Release|Any CPU
		{758AA869-E47E-4672-ABC5-A8BF21B5F1B9}.AppStore|iPhone.Deploy.0 = Release|Any CPU
		{758AA869-E47E-4672-ABC5-A8BF21B5F1B9}.AppStore|iPhoneSimulator.ActiveCfg = Release|Any CPU
		{758AA869-E47E-4672-ABC5-A8BF21B5F1B9}.AppStore|iPhoneSimulator.Build.0 = Release|Any CPU
		{758AA869-E47E-4672-ABC5-A8BF21B5F1B9}.AppStore|iPhoneSimulator.Deploy.0 = Release|Any CPU
		{758AA869-E47E-4672-ABC5-A8BF21B5F1B9}.AppStore|x86.ActiveCfg = Release|Any CPU
		{758AA869-E47E-4672-ABC5-A8BF21B5F1B9}.AppStore|x86.Build.0 = Release|Any CPU
		{758AA869-E47E-4672-ABC5-A8BF21B5F1B9}.AppStore|x86.Deploy.0 = Release|Any CPU
		{758AA869-E47E-4672-ABC5-A8BF21B5F1B9}.Debug|Any CPU.ActiveCfg = Debug|Any CPU
		{758AA869-E47E-4672-ABC5-A8BF21B5F1B9}.Debug|Any CPU.Build.0 = Debug|Any CPU
		{758AA869-E47E-4672-ABC5-A8BF21B5F1B9}.Debug|Any CPU.Deploy.0 = Debug|Any CPU
		{758AA869-E47E-4672-ABC5-A8BF21B5F1B9}.Debug|ARM.ActiveCfg = Debug|Any CPU
		{758AA869-E47E-4672-ABC5-A8BF21B5F1B9}.Debug|ARM.Build.0 = Debug|Any CPU
		{758AA869-E47E-4672-ABC5-A8BF21B5F1B9}.Debug|ARM.Deploy.0 = Debug|Any CPU
		{758AA869-E47E-4672-ABC5-A8BF21B5F1B9}.Debug|iPhone.ActiveCfg = Debug|Any CPU
		{758AA869-E47E-4672-ABC5-A8BF21B5F1B9}.Debug|iPhone.Build.0 = Debug|Any CPU
		{758AA869-E47E-4672-ABC5-A8BF21B5F1B9}.Debug|iPhone.Deploy.0 = Debug|Any CPU
		{758AA869-E47E-4672-ABC5-A8BF21B5F1B9}.Debug|iPhoneSimulator.ActiveCfg = Debug|Any CPU
		{758AA869-E47E-4672-ABC5-A8BF21B5F1B9}.Debug|iPhoneSimulator.Build.0 = Debug|Any CPU
		{758AA869-E47E-4672-ABC5-A8BF21B5F1B9}.Debug|iPhoneSimulator.Deploy.0 = Debug|Any CPU
		{758AA869-E47E-4672-ABC5-A8BF21B5F1B9}.Debug|x86.ActiveCfg = Debug|Any CPU
		{758AA869-E47E-4672-ABC5-A8BF21B5F1B9}.Debug|x86.Build.0 = Debug|Any CPU
		{758AA869-E47E-4672-ABC5-A8BF21B5F1B9}.Debug|x86.Deploy.0 = Debug|Any CPU
		{758AA869-E47E-4672-ABC5-A8BF21B5F1B9}.Release|Any CPU.ActiveCfg = Release|Any CPU
		{758AA869-E47E-4672-ABC5-A8BF21B5F1B9}.Release|Any CPU.Build.0 = Release|Any CPU
		{758AA869-E47E-4672-ABC5-A8BF21B5F1B9}.Release|Any CPU.Deploy.0 = Release|Any CPU
		{758AA869-E47E-4672-ABC5-A8BF21B5F1B9}.Release|ARM.ActiveCfg = Release|Any CPU
		{758AA869-E47E-4672-ABC5-A8BF21B5F1B9}.Release|ARM.Build.0 = Release|Any CPU
		{758AA869-E47E-4672-ABC5-A8BF21B5F1B9}.Release|ARM.Deploy.0 = Release|Any CPU
		{758AA869-E47E-4672-ABC5-A8BF21B5F1B9}.Release|iPhone.ActiveCfg = Release|Any CPU
		{758AA869-E47E-4672-ABC5-A8BF21B5F1B9}.Release|iPhone.Build.0 = Release|Any CPU
		{758AA869-E47E-4672-ABC5-A8BF21B5F1B9}.Release|iPhone.Deploy.0 = Release|Any CPU
		{758AA869-E47E-4672-ABC5-A8BF21B5F1B9}.Release|iPhoneSimulator.ActiveCfg = Release|Any CPU
		{758AA869-E47E-4672-ABC5-A8BF21B5F1B9}.Release|iPhoneSimulator.Build.0 = Release|Any CPU
		{758AA869-E47E-4672-ABC5-A8BF21B5F1B9}.Release|iPhoneSimulator.Deploy.0 = Release|Any CPU
		{758AA869-E47E-4672-ABC5-A8BF21B5F1B9}.Release|x86.ActiveCfg = Release|Any CPU
		{758AA869-E47E-4672-ABC5-A8BF21B5F1B9}.Release|x86.Build.0 = Release|Any CPU
		{758AA869-E47E-4672-ABC5-A8BF21B5F1B9}.Release|x86.Deploy.0 = Release|Any CPU
		{D2DF0C77-203B-47B8-AB6D-100D2F05A8C9}.Ad-Hoc|Any CPU.ActiveCfg = Release|Any CPU
		{D2DF0C77-203B-47B8-AB6D-100D2F05A8C9}.Ad-Hoc|Any CPU.Build.0 = Release|Any CPU
		{D2DF0C77-203B-47B8-AB6D-100D2F05A8C9}.Ad-Hoc|ARM.ActiveCfg = Release|Any CPU
		{D2DF0C77-203B-47B8-AB6D-100D2F05A8C9}.Ad-Hoc|ARM.Build.0 = Release|Any CPU
		{D2DF0C77-203B-47B8-AB6D-100D2F05A8C9}.Ad-Hoc|iPhone.ActiveCfg = Release|Any CPU
		{D2DF0C77-203B-47B8-AB6D-100D2F05A8C9}.Ad-Hoc|iPhone.Build.0 = Release|Any CPU
		{D2DF0C77-203B-47B8-AB6D-100D2F05A8C9}.Ad-Hoc|iPhoneSimulator.ActiveCfg = Release|Any CPU
		{D2DF0C77-203B-47B8-AB6D-100D2F05A8C9}.Ad-Hoc|iPhoneSimulator.Build.0 = Release|Any CPU
		{D2DF0C77-203B-47B8-AB6D-100D2F05A8C9}.Ad-Hoc|x86.ActiveCfg = Release|Any CPU
		{D2DF0C77-203B-47B8-AB6D-100D2F05A8C9}.Ad-Hoc|x86.Build.0 = Release|Any CPU
		{D2DF0C77-203B-47B8-AB6D-100D2F05A8C9}.AppStore|Any CPU.ActiveCfg = Release|Any CPU
		{D2DF0C77-203B-47B8-AB6D-100D2F05A8C9}.AppStore|Any CPU.Build.0 = Release|Any CPU
		{D2DF0C77-203B-47B8-AB6D-100D2F05A8C9}.AppStore|ARM.ActiveCfg = Release|Any CPU
		{D2DF0C77-203B-47B8-AB6D-100D2F05A8C9}.AppStore|ARM.Build.0 = Release|Any CPU
		{D2DF0C77-203B-47B8-AB6D-100D2F05A8C9}.AppStore|iPhone.ActiveCfg = Release|Any CPU
		{D2DF0C77-203B-47B8-AB6D-100D2F05A8C9}.AppStore|iPhone.Build.0 = Release|Any CPU
		{D2DF0C77-203B-47B8-AB6D-100D2F05A8C9}.AppStore|iPhoneSimulator.ActiveCfg = Release|Any CPU
		{D2DF0C77-203B-47B8-AB6D-100D2F05A8C9}.AppStore|iPhoneSimulator.Build.0 = Release|Any CPU
		{D2DF0C77-203B-47B8-AB6D-100D2F05A8C9}.AppStore|x86.ActiveCfg = Release|Any CPU
		{D2DF0C77-203B-47B8-AB6D-100D2F05A8C9}.AppStore|x86.Build.0 = Release|Any CPU
		{D2DF0C77-203B-47B8-AB6D-100D2F05A8C9}.Debug|Any CPU.ActiveCfg = Debug|Any CPU
		{D2DF0C77-203B-47B8-AB6D-100D2F05A8C9}.Debug|Any CPU.Build.0 = Debug|Any CPU
		{D2DF0C77-203B-47B8-AB6D-100D2F05A8C9}.Debug|ARM.ActiveCfg = Debug|Any CPU
		{D2DF0C77-203B-47B8-AB6D-100D2F05A8C9}.Debug|ARM.Build.0 = Debug|Any CPU
		{D2DF0C77-203B-47B8-AB6D-100D2F05A8C9}.Debug|iPhone.ActiveCfg = Debug|Any CPU
		{D2DF0C77-203B-47B8-AB6D-100D2F05A8C9}.Debug|iPhone.Build.0 = Debug|Any CPU
		{D2DF0C77-203B-47B8-AB6D-100D2F05A8C9}.Debug|iPhoneSimulator.ActiveCfg = Debug|Any CPU
		{D2DF0C77-203B-47B8-AB6D-100D2F05A8C9}.Debug|iPhoneSimulator.Build.0 = Debug|Any CPU
		{D2DF0C77-203B-47B8-AB6D-100D2F05A8C9}.Debug|x86.ActiveCfg = Debug|Any CPU
		{D2DF0C77-203B-47B8-AB6D-100D2F05A8C9}.Debug|x86.Build.0 = Debug|Any CPU
		{D2DF0C77-203B-47B8-AB6D-100D2F05A8C9}.Release|Any CPU.ActiveCfg = Release|Any CPU
		{D2DF0C77-203B-47B8-AB6D-100D2F05A8C9}.Release|Any CPU.Build.0 = Release|Any CPU
		{D2DF0C77-203B-47B8-AB6D-100D2F05A8C9}.Release|ARM.ActiveCfg = Release|Any CPU
		{D2DF0C77-203B-47B8-AB6D-100D2F05A8C9}.Release|ARM.Build.0 = Release|Any CPU
		{D2DF0C77-203B-47B8-AB6D-100D2F05A8C9}.Release|iPhone.ActiveCfg = Release|Any CPU
		{D2DF0C77-203B-47B8-AB6D-100D2F05A8C9}.Release|iPhone.Build.0 = Release|Any CPU
		{D2DF0C77-203B-47B8-AB6D-100D2F05A8C9}.Release|iPhoneSimulator.ActiveCfg = Release|Any CPU
		{D2DF0C77-203B-47B8-AB6D-100D2F05A8C9}.Release|iPhoneSimulator.Build.0 = Release|Any CPU
		{D2DF0C77-203B-47B8-AB6D-100D2F05A8C9}.Release|x86.ActiveCfg = Release|Any CPU
		{D2DF0C77-203B-47B8-AB6D-100D2F05A8C9}.Release|x86.Build.0 = Release|Any CPU
		{A378B9A3-921B-45F7-9F4A-EF10F4F8E2E1}.Ad-Hoc|Any CPU.ActiveCfg = Release|Any CPU
		{A378B9A3-921B-45F7-9F4A-EF10F4F8E2E1}.Ad-Hoc|Any CPU.Build.0 = Release|Any CPU
		{A378B9A3-921B-45F7-9F4A-EF10F4F8E2E1}.Ad-Hoc|Any CPU.Deploy.0 = Release|Any CPU
		{A378B9A3-921B-45F7-9F4A-EF10F4F8E2E1}.Ad-Hoc|ARM.ActiveCfg = Release|ARM
		{A378B9A3-921B-45F7-9F4A-EF10F4F8E2E1}.Ad-Hoc|ARM.Build.0 = Release|ARM
		{A378B9A3-921B-45F7-9F4A-EF10F4F8E2E1}.Ad-Hoc|ARM.Deploy.0 = Release|ARM
		{A378B9A3-921B-45F7-9F4A-EF10F4F8E2E1}.Ad-Hoc|iPhone.ActiveCfg = Release|Any CPU
		{A378B9A3-921B-45F7-9F4A-EF10F4F8E2E1}.Ad-Hoc|iPhone.Build.0 = Release|Any CPU
		{A378B9A3-921B-45F7-9F4A-EF10F4F8E2E1}.Ad-Hoc|iPhone.Deploy.0 = Release|Any CPU
		{A378B9A3-921B-45F7-9F4A-EF10F4F8E2E1}.Ad-Hoc|iPhoneSimulator.ActiveCfg = Release|Any CPU
		{A378B9A3-921B-45F7-9F4A-EF10F4F8E2E1}.Ad-Hoc|iPhoneSimulator.Build.0 = Release|Any CPU
		{A378B9A3-921B-45F7-9F4A-EF10F4F8E2E1}.Ad-Hoc|iPhoneSimulator.Deploy.0 = Release|Any CPU
		{A378B9A3-921B-45F7-9F4A-EF10F4F8E2E1}.Ad-Hoc|x86.ActiveCfg = Release|x86
		{A378B9A3-921B-45F7-9F4A-EF10F4F8E2E1}.Ad-Hoc|x86.Build.0 = Release|x86
		{A378B9A3-921B-45F7-9F4A-EF10F4F8E2E1}.Ad-Hoc|x86.Deploy.0 = Release|x86
		{A378B9A3-921B-45F7-9F4A-EF10F4F8E2E1}.AppStore|Any CPU.ActiveCfg = Release|Any CPU
		{A378B9A3-921B-45F7-9F4A-EF10F4F8E2E1}.AppStore|Any CPU.Build.0 = Release|Any CPU
		{A378B9A3-921B-45F7-9F4A-EF10F4F8E2E1}.AppStore|Any CPU.Deploy.0 = Release|Any CPU
		{A378B9A3-921B-45F7-9F4A-EF10F4F8E2E1}.AppStore|ARM.ActiveCfg = Release|ARM
		{A378B9A3-921B-45F7-9F4A-EF10F4F8E2E1}.AppStore|ARM.Build.0 = Release|ARM
		{A378B9A3-921B-45F7-9F4A-EF10F4F8E2E1}.AppStore|ARM.Deploy.0 = Release|ARM
		{A378B9A3-921B-45F7-9F4A-EF10F4F8E2E1}.AppStore|iPhone.ActiveCfg = Release|Any CPU
		{A378B9A3-921B-45F7-9F4A-EF10F4F8E2E1}.AppStore|iPhone.Build.0 = Release|Any CPU
		{A378B9A3-921B-45F7-9F4A-EF10F4F8E2E1}.AppStore|iPhone.Deploy.0 = Release|Any CPU
		{A378B9A3-921B-45F7-9F4A-EF10F4F8E2E1}.AppStore|iPhoneSimulator.ActiveCfg = Release|Any CPU
		{A378B9A3-921B-45F7-9F4A-EF10F4F8E2E1}.AppStore|iPhoneSimulator.Build.0 = Release|Any CPU
		{A378B9A3-921B-45F7-9F4A-EF10F4F8E2E1}.AppStore|iPhoneSimulator.Deploy.0 = Release|Any CPU
		{A378B9A3-921B-45F7-9F4A-EF10F4F8E2E1}.AppStore|x86.ActiveCfg = Release|x86
		{A378B9A3-921B-45F7-9F4A-EF10F4F8E2E1}.AppStore|x86.Build.0 = Release|x86
		{A378B9A3-921B-45F7-9F4A-EF10F4F8E2E1}.AppStore|x86.Deploy.0 = Release|x86
		{A378B9A3-921B-45F7-9F4A-EF10F4F8E2E1}.Debug|Any CPU.ActiveCfg = Debug|Any CPU
		{A378B9A3-921B-45F7-9F4A-EF10F4F8E2E1}.Debug|Any CPU.Build.0 = Debug|Any CPU
		{A378B9A3-921B-45F7-9F4A-EF10F4F8E2E1}.Debug|Any CPU.Deploy.0 = Debug|Any CPU
		{A378B9A3-921B-45F7-9F4A-EF10F4F8E2E1}.Debug|ARM.ActiveCfg = Debug|ARM
		{A378B9A3-921B-45F7-9F4A-EF10F4F8E2E1}.Debug|ARM.Build.0 = Debug|ARM
		{A378B9A3-921B-45F7-9F4A-EF10F4F8E2E1}.Debug|ARM.Deploy.0 = Debug|ARM
		{A378B9A3-921B-45F7-9F4A-EF10F4F8E2E1}.Debug|iPhone.ActiveCfg = Debug|Any CPU
		{A378B9A3-921B-45F7-9F4A-EF10F4F8E2E1}.Debug|iPhone.Build.0 = Debug|Any CPU
		{A378B9A3-921B-45F7-9F4A-EF10F4F8E2E1}.Debug|iPhone.Deploy.0 = Debug|Any CPU
		{A378B9A3-921B-45F7-9F4A-EF10F4F8E2E1}.Debug|iPhoneSimulator.ActiveCfg = Debug|Any CPU
		{A378B9A3-921B-45F7-9F4A-EF10F4F8E2E1}.Debug|iPhoneSimulator.Build.0 = Debug|Any CPU
		{A378B9A3-921B-45F7-9F4A-EF10F4F8E2E1}.Debug|iPhoneSimulator.Deploy.0 = Debug|Any CPU
		{A378B9A3-921B-45F7-9F4A-EF10F4F8E2E1}.Debug|x86.ActiveCfg = Debug|x86
		{A378B9A3-921B-45F7-9F4A-EF10F4F8E2E1}.Debug|x86.Build.0 = Debug|x86
		{A378B9A3-921B-45F7-9F4A-EF10F4F8E2E1}.Debug|x86.Deploy.0 = Debug|x86
		{A378B9A3-921B-45F7-9F4A-EF10F4F8E2E1}.Release|Any CPU.ActiveCfg = Release|Any CPU
		{A378B9A3-921B-45F7-9F4A-EF10F4F8E2E1}.Release|Any CPU.Build.0 = Release|Any CPU
		{A378B9A3-921B-45F7-9F4A-EF10F4F8E2E1}.Release|Any CPU.Deploy.0 = Release|Any CPU
		{A378B9A3-921B-45F7-9F4A-EF10F4F8E2E1}.Release|ARM.ActiveCfg = Release|ARM
		{A378B9A3-921B-45F7-9F4A-EF10F4F8E2E1}.Release|ARM.Build.0 = Release|ARM
		{A378B9A3-921B-45F7-9F4A-EF10F4F8E2E1}.Release|ARM.Deploy.0 = Release|ARM
		{A378B9A3-921B-45F7-9F4A-EF10F4F8E2E1}.Release|iPhone.ActiveCfg = Release|Any CPU
		{A378B9A3-921B-45F7-9F4A-EF10F4F8E2E1}.Release|iPhone.Build.0 = Release|Any CPU
		{A378B9A3-921B-45F7-9F4A-EF10F4F8E2E1}.Release|iPhone.Deploy.0 = Release|Any CPU
		{A378B9A3-921B-45F7-9F4A-EF10F4F8E2E1}.Release|iPhoneSimulator.ActiveCfg = Release|Any CPU
		{A378B9A3-921B-45F7-9F4A-EF10F4F8E2E1}.Release|iPhoneSimulator.Build.0 = Release|Any CPU
		{A378B9A3-921B-45F7-9F4A-EF10F4F8E2E1}.Release|iPhoneSimulator.Deploy.0 = Release|Any CPU
		{A378B9A3-921B-45F7-9F4A-EF10F4F8E2E1}.Release|x86.ActiveCfg = Release|x86
		{A378B9A3-921B-45F7-9F4A-EF10F4F8E2E1}.Release|x86.Build.0 = Release|x86
		{A378B9A3-921B-45F7-9F4A-EF10F4F8E2E1}.Release|x86.Deploy.0 = Release|x86
		{C9B4FA31-80F8-4C25-84CB-377C40719C41}.Ad-Hoc|Any CPU.ActiveCfg = Ad-Hoc|iPhone
		{C9B4FA31-80F8-4C25-84CB-377C40719C41}.Ad-Hoc|ARM.ActiveCfg = Ad-Hoc|iPhone
		{C9B4FA31-80F8-4C25-84CB-377C40719C41}.Ad-Hoc|iPhone.ActiveCfg = Ad-Hoc|iPhone
		{C9B4FA31-80F8-4C25-84CB-377C40719C41}.Ad-Hoc|iPhone.Build.0 = Ad-Hoc|iPhone
		{C9B4FA31-80F8-4C25-84CB-377C40719C41}.Ad-Hoc|iPhoneSimulator.ActiveCfg = Ad-Hoc|iPhoneSimulator
		{C9B4FA31-80F8-4C25-84CB-377C40719C41}.Ad-Hoc|iPhoneSimulator.Build.0 = Ad-Hoc|iPhoneSimulator
		{C9B4FA31-80F8-4C25-84CB-377C40719C41}.Ad-Hoc|x86.ActiveCfg = Ad-Hoc|iPhone
		{C9B4FA31-80F8-4C25-84CB-377C40719C41}.AppStore|Any CPU.ActiveCfg = AppStore|iPhone
		{C9B4FA31-80F8-4C25-84CB-377C40719C41}.AppStore|ARM.ActiveCfg = AppStore|iPhone
		{C9B4FA31-80F8-4C25-84CB-377C40719C41}.AppStore|iPhone.ActiveCfg = AppStore|iPhone
		{C9B4FA31-80F8-4C25-84CB-377C40719C41}.AppStore|iPhone.Build.0 = AppStore|iPhone
		{C9B4FA31-80F8-4C25-84CB-377C40719C41}.AppStore|iPhoneSimulator.ActiveCfg = AppStore|iPhoneSimulator
		{C9B4FA31-80F8-4C25-84CB-377C40719C41}.AppStore|iPhoneSimulator.Build.0 = AppStore|iPhoneSimulator
		{C9B4FA31-80F8-4C25-84CB-377C40719C41}.AppStore|x86.ActiveCfg = AppStore|iPhone
		{C9B4FA31-80F8-4C25-84CB-377C40719C41}.Debug|Any CPU.ActiveCfg = Debug|iPhone
		{C9B4FA31-80F8-4C25-84CB-377C40719C41}.Debug|ARM.ActiveCfg = Debug|iPhone
		{C9B4FA31-80F8-4C25-84CB-377C40719C41}.Debug|iPhone.ActiveCfg = Debug|iPhone
		{C9B4FA31-80F8-4C25-84CB-377C40719C41}.Debug|iPhone.Build.0 = Debug|iPhone
		{C9B4FA31-80F8-4C25-84CB-377C40719C41}.Debug|iPhoneSimulator.ActiveCfg = Debug|iPhoneSimulator
		{C9B4FA31-80F8-4C25-84CB-377C40719C41}.Debug|iPhoneSimulator.Build.0 = Debug|iPhoneSimulator
		{C9B4FA31-80F8-4C25-84CB-377C40719C41}.Debug|x86.ActiveCfg = Debug|iPhone
		{C9B4FA31-80F8-4C25-84CB-377C40719C41}.Release|Any CPU.ActiveCfg = Release|iPhone
		{C9B4FA31-80F8-4C25-84CB-377C40719C41}.Release|ARM.ActiveCfg = Release|iPhone
		{C9B4FA31-80F8-4C25-84CB-377C40719C41}.Release|iPhone.ActiveCfg = Release|iPhone
		{C9B4FA31-80F8-4C25-84CB-377C40719C41}.Release|iPhone.Build.0 = Release|iPhone
		{C9B4FA31-80F8-4C25-84CB-377C40719C41}.Release|iPhoneSimulator.ActiveCfg = Release|iPhoneSimulator
		{C9B4FA31-80F8-4C25-84CB-377C40719C41}.Release|iPhoneSimulator.Build.0 = Release|iPhoneSimulator
		{C9B4FA31-80F8-4C25-84CB-377C40719C41}.Release|x86.ActiveCfg = Release|iPhone
		{2E590047-448D-43F9-AECC-BFC181182346}.Ad-Hoc|Any CPU.ActiveCfg = Release|Any CPU
		{2E590047-448D-43F9-AECC-BFC181182346}.Ad-Hoc|Any CPU.Build.0 = Release|Any CPU
		{2E590047-448D-43F9-AECC-BFC181182346}.Ad-Hoc|ARM.ActiveCfg = Release|Any CPU
		{2E590047-448D-43F9-AECC-BFC181182346}.Ad-Hoc|ARM.Build.0 = Release|Any CPU
		{2E590047-448D-43F9-AECC-BFC181182346}.Ad-Hoc|iPhone.ActiveCfg = Release|Any CPU
		{2E590047-448D-43F9-AECC-BFC181182346}.Ad-Hoc|iPhone.Build.0 = Release|Any CPU
		{2E590047-448D-43F9-AECC-BFC181182346}.Ad-Hoc|iPhoneSimulator.ActiveCfg = Release|Any CPU
		{2E590047-448D-43F9-AECC-BFC181182346}.Ad-Hoc|iPhoneSimulator.Build.0 = Release|Any CPU
		{2E590047-448D-43F9-AECC-BFC181182346}.Ad-Hoc|x86.ActiveCfg = Release|Any CPU
		{2E590047-448D-43F9-AECC-BFC181182346}.Ad-Hoc|x86.Build.0 = Release|Any CPU
		{2E590047-448D-43F9-AECC-BFC181182346}.AppStore|Any CPU.ActiveCfg = Release|Any CPU
		{2E590047-448D-43F9-AECC-BFC181182346}.AppStore|Any CPU.Build.0 = Release|Any CPU
		{2E590047-448D-43F9-AECC-BFC181182346}.AppStore|ARM.ActiveCfg = Release|Any CPU
		{2E590047-448D-43F9-AECC-BFC181182346}.AppStore|ARM.Build.0 = Release|Any CPU
		{2E590047-448D-43F9-AECC-BFC181182346}.AppStore|iPhone.ActiveCfg = Release|Any CPU
		{2E590047-448D-43F9-AECC-BFC181182346}.AppStore|iPhone.Build.0 = Release|Any CPU
		{2E590047-448D-43F9-AECC-BFC181182346}.AppStore|iPhoneSimulator.ActiveCfg = Release|Any CPU
		{2E590047-448D-43F9-AECC-BFC181182346}.AppStore|iPhoneSimulator.Build.0 = Release|Any CPU
		{2E590047-448D-43F9-AECC-BFC181182346}.AppStore|x86.ActiveCfg = Release|Any CPU
		{2E590047-448D-43F9-AECC-BFC181182346}.AppStore|x86.Build.0 = Release|Any CPU
		{2E590047-448D-43F9-AECC-BFC181182346}.Debug|Any CPU.ActiveCfg = Debug|Any CPU
		{2E590047-448D-43F9-AECC-BFC181182346}.Debug|Any CPU.Build.0 = Debug|Any CPU
		{2E590047-448D-43F9-AECC-BFC181182346}.Debug|ARM.ActiveCfg = Debug|Any CPU
		{2E590047-448D-43F9-AECC-BFC181182346}.Debug|ARM.Build.0 = Debug|Any CPU
		{2E590047-448D-43F9-AECC-BFC181182346}.Debug|iPhone.ActiveCfg = Debug|Any CPU
		{2E590047-448D-43F9-AECC-BFC181182346}.Debug|iPhone.Build.0 = Debug|Any CPU
		{2E590047-448D-43F9-AECC-BFC181182346}.Debug|iPhoneSimulator.ActiveCfg = Debug|Any CPU
		{2E590047-448D-43F9-AECC-BFC181182346}.Debug|iPhoneSimulator.Build.0 = Debug|Any CPU
		{2E590047-448D-43F9-AECC-BFC181182346}.Debug|x86.ActiveCfg = Debug|Any CPU
		{2E590047-448D-43F9-AECC-BFC181182346}.Debug|x86.Build.0 = Debug|Any CPU
		{2E590047-448D-43F9-AECC-BFC181182346}.Release|Any CPU.ActiveCfg = Release|Any CPU
		{2E590047-448D-43F9-AECC-BFC181182346}.Release|Any CPU.Build.0 = Release|Any CPU
		{2E590047-448D-43F9-AECC-BFC181182346}.Release|ARM.ActiveCfg = Release|Any CPU
		{2E590047-448D-43F9-AECC-BFC181182346}.Release|ARM.Build.0 = Release|Any CPU
		{2E590047-448D-43F9-AECC-BFC181182346}.Release|iPhone.ActiveCfg = Release|Any CPU
		{2E590047-448D-43F9-AECC-BFC181182346}.Release|iPhone.Build.0 = Release|Any CPU
		{2E590047-448D-43F9-AECC-BFC181182346}.Release|iPhoneSimulator.ActiveCfg = Release|Any CPU
		{2E590047-448D-43F9-AECC-BFC181182346}.Release|iPhoneSimulator.Build.0 = Release|Any CPU
		{2E590047-448D-43F9-AECC-BFC181182346}.Release|x86.ActiveCfg = Release|Any CPU
		{2E590047-448D-43F9-AECC-BFC181182346}.Release|x86.Build.0 = Release|Any CPU
		{550DF2F3-B5B2-42DC-88A4-482C684D7E2A}.Ad-Hoc|Any CPU.ActiveCfg = Ad-Hoc|iPhone
		{550DF2F3-B5B2-42DC-88A4-482C684D7E2A}.Ad-Hoc|ARM.ActiveCfg = Ad-Hoc|iPhone
		{550DF2F3-B5B2-42DC-88A4-482C684D7E2A}.Ad-Hoc|iPhone.ActiveCfg = Ad-Hoc|iPhone
		{550DF2F3-B5B2-42DC-88A4-482C684D7E2A}.Ad-Hoc|iPhone.Build.0 = Ad-Hoc|iPhone
		{550DF2F3-B5B2-42DC-88A4-482C684D7E2A}.Ad-Hoc|iPhoneSimulator.ActiveCfg = Ad-Hoc|iPhoneSimulator
		{550DF2F3-B5B2-42DC-88A4-482C684D7E2A}.Ad-Hoc|iPhoneSimulator.Build.0 = Ad-Hoc|iPhoneSimulator
		{550DF2F3-B5B2-42DC-88A4-482C684D7E2A}.Ad-Hoc|x86.ActiveCfg = Ad-Hoc|iPhone
		{550DF2F3-B5B2-42DC-88A4-482C684D7E2A}.AppStore|Any CPU.ActiveCfg = AppStore|iPhone
		{550DF2F3-B5B2-42DC-88A4-482C684D7E2A}.AppStore|ARM.ActiveCfg = AppStore|iPhone
		{550DF2F3-B5B2-42DC-88A4-482C684D7E2A}.AppStore|iPhone.ActiveCfg = AppStore|iPhone
		{550DF2F3-B5B2-42DC-88A4-482C684D7E2A}.AppStore|iPhone.Build.0 = AppStore|iPhone
		{550DF2F3-B5B2-42DC-88A4-482C684D7E2A}.AppStore|iPhoneSimulator.ActiveCfg = AppStore|iPhoneSimulator
		{550DF2F3-B5B2-42DC-88A4-482C684D7E2A}.AppStore|iPhoneSimulator.Build.0 = AppStore|iPhoneSimulator
		{550DF2F3-B5B2-42DC-88A4-482C684D7E2A}.AppStore|x86.ActiveCfg = AppStore|iPhone
		{550DF2F3-B5B2-42DC-88A4-482C684D7E2A}.Debug|Any CPU.ActiveCfg = Debug|iPhone
		{550DF2F3-B5B2-42DC-88A4-482C684D7E2A}.Debug|ARM.ActiveCfg = Debug|iPhone
		{550DF2F3-B5B2-42DC-88A4-482C684D7E2A}.Debug|iPhone.ActiveCfg = Debug|iPhone
		{550DF2F3-B5B2-42DC-88A4-482C684D7E2A}.Debug|iPhone.Build.0 = Debug|iPhone
		{550DF2F3-B5B2-42DC-88A4-482C684D7E2A}.Debug|iPhoneSimulator.ActiveCfg = Debug|iPhoneSimulator
		{550DF2F3-B5B2-42DC-88A4-482C684D7E2A}.Debug|iPhoneSimulator.Build.0 = Debug|iPhoneSimulator
		{550DF2F3-B5B2-42DC-88A4-482C684D7E2A}.Debug|x86.ActiveCfg = Debug|iPhone
		{550DF2F3-B5B2-42DC-88A4-482C684D7E2A}.Release|Any CPU.ActiveCfg = Release|iPhone
		{550DF2F3-B5B2-42DC-88A4-482C684D7E2A}.Release|ARM.ActiveCfg = Release|iPhone
		{550DF2F3-B5B2-42DC-88A4-482C684D7E2A}.Release|iPhone.ActiveCfg = Release|iPhone
		{550DF2F3-B5B2-42DC-88A4-482C684D7E2A}.Release|iPhone.Build.0 = Release|iPhone
		{550DF2F3-B5B2-42DC-88A4-482C684D7E2A}.Release|iPhoneSimulator.ActiveCfg = Release|iPhoneSimulator
		{550DF2F3-B5B2-42DC-88A4-482C684D7E2A}.Release|iPhoneSimulator.Build.0 = Release|iPhoneSimulator
		{550DF2F3-B5B2-42DC-88A4-482C684D7E2A}.Release|x86.ActiveCfg = Release|iPhone
		{4B63441B-9134-4E9D-8D1E-1607401A54E1}.Ad-Hoc|Any CPU.ActiveCfg = Release|Any CPU
		{4B63441B-9134-4E9D-8D1E-1607401A54E1}.Ad-Hoc|Any CPU.Build.0 = Release|Any CPU
		{4B63441B-9134-4E9D-8D1E-1607401A54E1}.Ad-Hoc|Any CPU.Deploy.0 = Release|Any CPU
		{4B63441B-9134-4E9D-8D1E-1607401A54E1}.Ad-Hoc|ARM.ActiveCfg = Release|Any CPU
		{4B63441B-9134-4E9D-8D1E-1607401A54E1}.Ad-Hoc|ARM.Build.0 = Release|Any CPU
		{4B63441B-9134-4E9D-8D1E-1607401A54E1}.Ad-Hoc|ARM.Deploy.0 = Release|Any CPU
		{4B63441B-9134-4E9D-8D1E-1607401A54E1}.Ad-Hoc|iPhone.ActiveCfg = Release|Any CPU
		{4B63441B-9134-4E9D-8D1E-1607401A54E1}.Ad-Hoc|iPhone.Build.0 = Release|Any CPU
		{4B63441B-9134-4E9D-8D1E-1607401A54E1}.Ad-Hoc|iPhone.Deploy.0 = Release|Any CPU
		{4B63441B-9134-4E9D-8D1E-1607401A54E1}.Ad-Hoc|iPhoneSimulator.ActiveCfg = Release|Any CPU
		{4B63441B-9134-4E9D-8D1E-1607401A54E1}.Ad-Hoc|iPhoneSimulator.Build.0 = Release|Any CPU
		{4B63441B-9134-4E9D-8D1E-1607401A54E1}.Ad-Hoc|iPhoneSimulator.Deploy.0 = Release|Any CPU
		{4B63441B-9134-4E9D-8D1E-1607401A54E1}.Ad-Hoc|x86.ActiveCfg = Release|Any CPU
		{4B63441B-9134-4E9D-8D1E-1607401A54E1}.Ad-Hoc|x86.Build.0 = Release|Any CPU
		{4B63441B-9134-4E9D-8D1E-1607401A54E1}.Ad-Hoc|x86.Deploy.0 = Release|Any CPU
		{4B63441B-9134-4E9D-8D1E-1607401A54E1}.AppStore|Any CPU.ActiveCfg = Release|Any CPU
		{4B63441B-9134-4E9D-8D1E-1607401A54E1}.AppStore|Any CPU.Build.0 = Release|Any CPU
		{4B63441B-9134-4E9D-8D1E-1607401A54E1}.AppStore|Any CPU.Deploy.0 = Release|Any CPU
		{4B63441B-9134-4E9D-8D1E-1607401A54E1}.AppStore|ARM.ActiveCfg = Release|Any CPU
		{4B63441B-9134-4E9D-8D1E-1607401A54E1}.AppStore|ARM.Build.0 = Release|Any CPU
		{4B63441B-9134-4E9D-8D1E-1607401A54E1}.AppStore|ARM.Deploy.0 = Release|Any CPU
		{4B63441B-9134-4E9D-8D1E-1607401A54E1}.AppStore|iPhone.ActiveCfg = Release|Any CPU
		{4B63441B-9134-4E9D-8D1E-1607401A54E1}.AppStore|iPhone.Build.0 = Release|Any CPU
		{4B63441B-9134-4E9D-8D1E-1607401A54E1}.AppStore|iPhone.Deploy.0 = Release|Any CPU
		{4B63441B-9134-4E9D-8D1E-1607401A54E1}.AppStore|iPhoneSimulator.ActiveCfg = Release|Any CPU
		{4B63441B-9134-4E9D-8D1E-1607401A54E1}.AppStore|iPhoneSimulator.Build.0 = Release|Any CPU
		{4B63441B-9134-4E9D-8D1E-1607401A54E1}.AppStore|iPhoneSimulator.Deploy.0 = Release|Any CPU
		{4B63441B-9134-4E9D-8D1E-1607401A54E1}.AppStore|x86.ActiveCfg = Release|Any CPU
		{4B63441B-9134-4E9D-8D1E-1607401A54E1}.AppStore|x86.Build.0 = Release|Any CPU
		{4B63441B-9134-4E9D-8D1E-1607401A54E1}.AppStore|x86.Deploy.0 = Release|Any CPU
		{4B63441B-9134-4E9D-8D1E-1607401A54E1}.Debug|Any CPU.ActiveCfg = Debug|Any CPU
		{4B63441B-9134-4E9D-8D1E-1607401A54E1}.Debug|Any CPU.Build.0 = Debug|Any CPU
		{4B63441B-9134-4E9D-8D1E-1607401A54E1}.Debug|Any CPU.Deploy.0 = Debug|Any CPU
		{4B63441B-9134-4E9D-8D1E-1607401A54E1}.Debug|ARM.ActiveCfg = Debug|Any CPU
		{4B63441B-9134-4E9D-8D1E-1607401A54E1}.Debug|ARM.Build.0 = Debug|Any CPU
		{4B63441B-9134-4E9D-8D1E-1607401A54E1}.Debug|ARM.Deploy.0 = Debug|Any CPU
		{4B63441B-9134-4E9D-8D1E-1607401A54E1}.Debug|iPhone.ActiveCfg = Debug|Any CPU
		{4B63441B-9134-4E9D-8D1E-1607401A54E1}.Debug|iPhone.Build.0 = Debug|Any CPU
		{4B63441B-9134-4E9D-8D1E-1607401A54E1}.Debug|iPhone.Deploy.0 = Debug|Any CPU
		{4B63441B-9134-4E9D-8D1E-1607401A54E1}.Debug|iPhoneSimulator.ActiveCfg = Debug|Any CPU
		{4B63441B-9134-4E9D-8D1E-1607401A54E1}.Debug|iPhoneSimulator.Build.0 = Debug|Any CPU
		{4B63441B-9134-4E9D-8D1E-1607401A54E1}.Debug|iPhoneSimulator.Deploy.0 = Debug|Any CPU
		{4B63441B-9134-4E9D-8D1E-1607401A54E1}.Debug|x86.ActiveCfg = Debug|Any CPU
		{4B63441B-9134-4E9D-8D1E-1607401A54E1}.Debug|x86.Build.0 = Debug|Any CPU
		{4B63441B-9134-4E9D-8D1E-1607401A54E1}.Debug|x86.Deploy.0 = Debug|Any CPU
		{4B63441B-9134-4E9D-8D1E-1607401A54E1}.Release|Any CPU.ActiveCfg = Release|Any CPU
		{4B63441B-9134-4E9D-8D1E-1607401A54E1}.Release|Any CPU.Build.0 = Release|Any CPU
		{4B63441B-9134-4E9D-8D1E-1607401A54E1}.Release|Any CPU.Deploy.0 = Release|Any CPU
		{4B63441B-9134-4E9D-8D1E-1607401A54E1}.Release|ARM.ActiveCfg = Release|Any CPU
		{4B63441B-9134-4E9D-8D1E-1607401A54E1}.Release|ARM.Build.0 = Release|Any CPU
		{4B63441B-9134-4E9D-8D1E-1607401A54E1}.Release|ARM.Deploy.0 = Release|Any CPU
		{4B63441B-9134-4E9D-8D1E-1607401A54E1}.Release|iPhone.ActiveCfg = Release|Any CPU
		{4B63441B-9134-4E9D-8D1E-1607401A54E1}.Release|iPhone.Build.0 = Release|Any CPU
		{4B63441B-9134-4E9D-8D1E-1607401A54E1}.Release|iPhone.Deploy.0 = Release|Any CPU
		{4B63441B-9134-4E9D-8D1E-1607401A54E1}.Release|iPhoneSimulator.ActiveCfg = Release|Any CPU
		{4B63441B-9134-4E9D-8D1E-1607401A54E1}.Release|iPhoneSimulator.Build.0 = Release|Any CPU
		{4B63441B-9134-4E9D-8D1E-1607401A54E1}.Release|iPhoneSimulator.Deploy.0 = Release|Any CPU
		{4B63441B-9134-4E9D-8D1E-1607401A54E1}.Release|x86.ActiveCfg = Release|Any CPU
		{4B63441B-9134-4E9D-8D1E-1607401A54E1}.Release|x86.Build.0 = Release|Any CPU
		{4B63441B-9134-4E9D-8D1E-1607401A54E1}.Release|x86.Deploy.0 = Release|Any CPU
		{6D88959D-37EF-4822-9871-8C9972633FA6}.Ad-Hoc|Any CPU.ActiveCfg = Release|Any CPU
		{6D88959D-37EF-4822-9871-8C9972633FA6}.Ad-Hoc|Any CPU.Build.0 = Release|Any CPU
		{6D88959D-37EF-4822-9871-8C9972633FA6}.Ad-Hoc|Any CPU.Deploy.0 = Release|Any CPU
		{6D88959D-37EF-4822-9871-8C9972633FA6}.Ad-Hoc|ARM.ActiveCfg = Release|ARM
		{6D88959D-37EF-4822-9871-8C9972633FA6}.Ad-Hoc|ARM.Build.0 = Release|ARM
		{6D88959D-37EF-4822-9871-8C9972633FA6}.Ad-Hoc|ARM.Deploy.0 = Release|ARM
		{6D88959D-37EF-4822-9871-8C9972633FA6}.Ad-Hoc|iPhone.ActiveCfg = Release|Any CPU
		{6D88959D-37EF-4822-9871-8C9972633FA6}.Ad-Hoc|iPhone.Build.0 = Release|Any CPU
		{6D88959D-37EF-4822-9871-8C9972633FA6}.Ad-Hoc|iPhone.Deploy.0 = Release|Any CPU
		{6D88959D-37EF-4822-9871-8C9972633FA6}.Ad-Hoc|iPhoneSimulator.ActiveCfg = Release|Any CPU
		{6D88959D-37EF-4822-9871-8C9972633FA6}.Ad-Hoc|iPhoneSimulator.Build.0 = Release|Any CPU
		{6D88959D-37EF-4822-9871-8C9972633FA6}.Ad-Hoc|iPhoneSimulator.Deploy.0 = Release|Any CPU
		{6D88959D-37EF-4822-9871-8C9972633FA6}.Ad-Hoc|x86.ActiveCfg = Release|x86
		{6D88959D-37EF-4822-9871-8C9972633FA6}.Ad-Hoc|x86.Build.0 = Release|x86
		{6D88959D-37EF-4822-9871-8C9972633FA6}.Ad-Hoc|x86.Deploy.0 = Release|x86
		{6D88959D-37EF-4822-9871-8C9972633FA6}.AppStore|Any CPU.ActiveCfg = Release|Any CPU
		{6D88959D-37EF-4822-9871-8C9972633FA6}.AppStore|Any CPU.Build.0 = Release|Any CPU
		{6D88959D-37EF-4822-9871-8C9972633FA6}.AppStore|Any CPU.Deploy.0 = Release|Any CPU
		{6D88959D-37EF-4822-9871-8C9972633FA6}.AppStore|ARM.ActiveCfg = Release|ARM
		{6D88959D-37EF-4822-9871-8C9972633FA6}.AppStore|ARM.Build.0 = Release|ARM
		{6D88959D-37EF-4822-9871-8C9972633FA6}.AppStore|ARM.Deploy.0 = Release|ARM
		{6D88959D-37EF-4822-9871-8C9972633FA6}.AppStore|iPhone.ActiveCfg = Release|Any CPU
		{6D88959D-37EF-4822-9871-8C9972633FA6}.AppStore|iPhone.Build.0 = Release|Any CPU
		{6D88959D-37EF-4822-9871-8C9972633FA6}.AppStore|iPhone.Deploy.0 = Release|Any CPU
		{6D88959D-37EF-4822-9871-8C9972633FA6}.AppStore|iPhoneSimulator.ActiveCfg = Release|Any CPU
		{6D88959D-37EF-4822-9871-8C9972633FA6}.AppStore|iPhoneSimulator.Build.0 = Release|Any CPU
		{6D88959D-37EF-4822-9871-8C9972633FA6}.AppStore|iPhoneSimulator.Deploy.0 = Release|Any CPU
		{6D88959D-37EF-4822-9871-8C9972633FA6}.AppStore|x86.ActiveCfg = Release|x86
		{6D88959D-37EF-4822-9871-8C9972633FA6}.AppStore|x86.Build.0 = Release|x86
		{6D88959D-37EF-4822-9871-8C9972633FA6}.AppStore|x86.Deploy.0 = Release|x86
		{6D88959D-37EF-4822-9871-8C9972633FA6}.Debug|Any CPU.ActiveCfg = Debug|Any CPU
		{6D88959D-37EF-4822-9871-8C9972633FA6}.Debug|Any CPU.Build.0 = Debug|Any CPU
		{6D88959D-37EF-4822-9871-8C9972633FA6}.Debug|Any CPU.Deploy.0 = Debug|Any CPU
		{6D88959D-37EF-4822-9871-8C9972633FA6}.Debug|ARM.ActiveCfg = Debug|ARM
		{6D88959D-37EF-4822-9871-8C9972633FA6}.Debug|ARM.Build.0 = Debug|ARM
		{6D88959D-37EF-4822-9871-8C9972633FA6}.Debug|ARM.Deploy.0 = Debug|ARM
		{6D88959D-37EF-4822-9871-8C9972633FA6}.Debug|iPhone.ActiveCfg = Debug|Any CPU
		{6D88959D-37EF-4822-9871-8C9972633FA6}.Debug|iPhone.Build.0 = Debug|Any CPU
		{6D88959D-37EF-4822-9871-8C9972633FA6}.Debug|iPhone.Deploy.0 = Debug|Any CPU
		{6D88959D-37EF-4822-9871-8C9972633FA6}.Debug|iPhoneSimulator.ActiveCfg = Debug|Any CPU
		{6D88959D-37EF-4822-9871-8C9972633FA6}.Debug|iPhoneSimulator.Build.0 = Debug|Any CPU
		{6D88959D-37EF-4822-9871-8C9972633FA6}.Debug|iPhoneSimulator.Deploy.0 = Debug|Any CPU
		{6D88959D-37EF-4822-9871-8C9972633FA6}.Debug|x86.ActiveCfg = Debug|x86
		{6D88959D-37EF-4822-9871-8C9972633FA6}.Debug|x86.Build.0 = Debug|x86
		{6D88959D-37EF-4822-9871-8C9972633FA6}.Debug|x86.Deploy.0 = Debug|x86
		{6D88959D-37EF-4822-9871-8C9972633FA6}.Release|Any CPU.ActiveCfg = Release|Any CPU
		{6D88959D-37EF-4822-9871-8C9972633FA6}.Release|Any CPU.Build.0 = Release|Any CPU
		{6D88959D-37EF-4822-9871-8C9972633FA6}.Release|Any CPU.Deploy.0 = Release|Any CPU
		{6D88959D-37EF-4822-9871-8C9972633FA6}.Release|ARM.ActiveCfg = Release|ARM
		{6D88959D-37EF-4822-9871-8C9972633FA6}.Release|ARM.Build.0 = Release|ARM
		{6D88959D-37EF-4822-9871-8C9972633FA6}.Release|ARM.Deploy.0 = Release|ARM
		{6D88959D-37EF-4822-9871-8C9972633FA6}.Release|iPhone.ActiveCfg = Release|Any CPU
		{6D88959D-37EF-4822-9871-8C9972633FA6}.Release|iPhone.Build.0 = Release|Any CPU
		{6D88959D-37EF-4822-9871-8C9972633FA6}.Release|iPhone.Deploy.0 = Release|Any CPU
		{6D88959D-37EF-4822-9871-8C9972633FA6}.Release|iPhoneSimulator.ActiveCfg = Release|Any CPU
		{6D88959D-37EF-4822-9871-8C9972633FA6}.Release|iPhoneSimulator.Build.0 = Release|Any CPU
		{6D88959D-37EF-4822-9871-8C9972633FA6}.Release|iPhoneSimulator.Deploy.0 = Release|Any CPU
		{6D88959D-37EF-4822-9871-8C9972633FA6}.Release|x86.ActiveCfg = Release|x86
		{6D88959D-37EF-4822-9871-8C9972633FA6}.Release|x86.Build.0 = Release|x86
		{6D88959D-37EF-4822-9871-8C9972633FA6}.Release|x86.Deploy.0 = Release|x86
		{6A2C7D56-AD7B-47FF-ACEE-97D0743874A3}.Ad-Hoc|Any CPU.ActiveCfg = Release|Any CPU
		{6A2C7D56-AD7B-47FF-ACEE-97D0743874A3}.Ad-Hoc|Any CPU.Build.0 = Release|Any CPU
		{6A2C7D56-AD7B-47FF-ACEE-97D0743874A3}.Ad-Hoc|ARM.ActiveCfg = Release|Any CPU
		{6A2C7D56-AD7B-47FF-ACEE-97D0743874A3}.Ad-Hoc|ARM.Build.0 = Release|Any CPU
		{6A2C7D56-AD7B-47FF-ACEE-97D0743874A3}.Ad-Hoc|iPhone.ActiveCfg = Release|Any CPU
		{6A2C7D56-AD7B-47FF-ACEE-97D0743874A3}.Ad-Hoc|iPhone.Build.0 = Release|Any CPU
		{6A2C7D56-AD7B-47FF-ACEE-97D0743874A3}.Ad-Hoc|iPhoneSimulator.ActiveCfg = Release|Any CPU
		{6A2C7D56-AD7B-47FF-ACEE-97D0743874A3}.Ad-Hoc|iPhoneSimulator.Build.0 = Release|Any CPU
		{6A2C7D56-AD7B-47FF-ACEE-97D0743874A3}.Ad-Hoc|x86.ActiveCfg = Release|Any CPU
		{6A2C7D56-AD7B-47FF-ACEE-97D0743874A3}.Ad-Hoc|x86.Build.0 = Release|Any CPU
		{6A2C7D56-AD7B-47FF-ACEE-97D0743874A3}.AppStore|Any CPU.ActiveCfg = Release|Any CPU
		{6A2C7D56-AD7B-47FF-ACEE-97D0743874A3}.AppStore|Any CPU.Build.0 = Release|Any CPU
		{6A2C7D56-AD7B-47FF-ACEE-97D0743874A3}.AppStore|ARM.ActiveCfg = Release|Any CPU
		{6A2C7D56-AD7B-47FF-ACEE-97D0743874A3}.AppStore|ARM.Build.0 = Release|Any CPU
		{6A2C7D56-AD7B-47FF-ACEE-97D0743874A3}.AppStore|iPhone.ActiveCfg = Release|Any CPU
		{6A2C7D56-AD7B-47FF-ACEE-97D0743874A3}.AppStore|iPhone.Build.0 = Release|Any CPU
		{6A2C7D56-AD7B-47FF-ACEE-97D0743874A3}.AppStore|iPhoneSimulator.ActiveCfg = Release|Any CPU
		{6A2C7D56-AD7B-47FF-ACEE-97D0743874A3}.AppStore|iPhoneSimulator.Build.0 = Release|Any CPU
		{6A2C7D56-AD7B-47FF-ACEE-97D0743874A3}.AppStore|x86.ActiveCfg = Release|Any CPU
		{6A2C7D56-AD7B-47FF-ACEE-97D0743874A3}.AppStore|x86.Build.0 = Release|Any CPU
		{6A2C7D56-AD7B-47FF-ACEE-97D0743874A3}.Debug|Any CPU.ActiveCfg = Debug|Any CPU
		{6A2C7D56-AD7B-47FF-ACEE-97D0743874A3}.Debug|Any CPU.Build.0 = Debug|Any CPU
		{6A2C7D56-AD7B-47FF-ACEE-97D0743874A3}.Debug|ARM.ActiveCfg = Debug|Any CPU
		{6A2C7D56-AD7B-47FF-ACEE-97D0743874A3}.Debug|ARM.Build.0 = Debug|Any CPU
		{6A2C7D56-AD7B-47FF-ACEE-97D0743874A3}.Debug|iPhone.ActiveCfg = Debug|Any CPU
		{6A2C7D56-AD7B-47FF-ACEE-97D0743874A3}.Debug|iPhone.Build.0 = Debug|Any CPU
		{6A2C7D56-AD7B-47FF-ACEE-97D0743874A3}.Debug|iPhoneSimulator.ActiveCfg = Debug|Any CPU
		{6A2C7D56-AD7B-47FF-ACEE-97D0743874A3}.Debug|iPhoneSimulator.Build.0 = Debug|Any CPU
		{6A2C7D56-AD7B-47FF-ACEE-97D0743874A3}.Debug|x86.ActiveCfg = Debug|Any CPU
		{6A2C7D56-AD7B-47FF-ACEE-97D0743874A3}.Debug|x86.Build.0 = Debug|Any CPU
		{6A2C7D56-AD7B-47FF-ACEE-97D0743874A3}.Release|Any CPU.ActiveCfg = Release|Any CPU
		{6A2C7D56-AD7B-47FF-ACEE-97D0743874A3}.Release|Any CPU.Build.0 = Release|Any CPU
		{6A2C7D56-AD7B-47FF-ACEE-97D0743874A3}.Release|ARM.ActiveCfg = Release|Any CPU
		{6A2C7D56-AD7B-47FF-ACEE-97D0743874A3}.Release|ARM.Build.0 = Release|Any CPU
		{6A2C7D56-AD7B-47FF-ACEE-97D0743874A3}.Release|iPhone.ActiveCfg = Release|Any CPU
		{6A2C7D56-AD7B-47FF-ACEE-97D0743874A3}.Release|iPhone.Build.0 = Release|Any CPU
		{6A2C7D56-AD7B-47FF-ACEE-97D0743874A3}.Release|iPhoneSimulator.ActiveCfg = Release|Any CPU
		{6A2C7D56-AD7B-47FF-ACEE-97D0743874A3}.Release|iPhoneSimulator.Build.0 = Release|Any CPU
		{6A2C7D56-AD7B-47FF-ACEE-97D0743874A3}.Release|x86.ActiveCfg = Release|Any CPU
		{6A2C7D56-AD7B-47FF-ACEE-97D0743874A3}.Release|x86.Build.0 = Release|Any CPU
		{1836BA69-DE73-4F01-AAD7-5096AC1BC3D1}.Ad-Hoc|Any CPU.ActiveCfg = Ad-Hoc|iPhone
		{1836BA69-DE73-4F01-AAD7-5096AC1BC3D1}.Ad-Hoc|ARM.ActiveCfg = Ad-Hoc|iPhone
		{1836BA69-DE73-4F01-AAD7-5096AC1BC3D1}.Ad-Hoc|iPhone.ActiveCfg = Ad-Hoc|iPhone
		{1836BA69-DE73-4F01-AAD7-5096AC1BC3D1}.Ad-Hoc|iPhone.Build.0 = Ad-Hoc|iPhone
		{1836BA69-DE73-4F01-AAD7-5096AC1BC3D1}.Ad-Hoc|iPhoneSimulator.ActiveCfg = Ad-Hoc|iPhoneSimulator
		{1836BA69-DE73-4F01-AAD7-5096AC1BC3D1}.Ad-Hoc|iPhoneSimulator.Build.0 = Ad-Hoc|iPhoneSimulator
		{1836BA69-DE73-4F01-AAD7-5096AC1BC3D1}.Ad-Hoc|x86.ActiveCfg = Ad-Hoc|iPhone
		{1836BA69-DE73-4F01-AAD7-5096AC1BC3D1}.AppStore|Any CPU.ActiveCfg = AppStore|iPhone
		{1836BA69-DE73-4F01-AAD7-5096AC1BC3D1}.AppStore|ARM.ActiveCfg = AppStore|iPhone
		{1836BA69-DE73-4F01-AAD7-5096AC1BC3D1}.AppStore|iPhone.ActiveCfg = AppStore|iPhone
		{1836BA69-DE73-4F01-AAD7-5096AC1BC3D1}.AppStore|iPhone.Build.0 = AppStore|iPhone
		{1836BA69-DE73-4F01-AAD7-5096AC1BC3D1}.AppStore|iPhoneSimulator.ActiveCfg = AppStore|iPhoneSimulator
		{1836BA69-DE73-4F01-AAD7-5096AC1BC3D1}.AppStore|iPhoneSimulator.Build.0 = AppStore|iPhoneSimulator
		{1836BA69-DE73-4F01-AAD7-5096AC1BC3D1}.AppStore|x86.ActiveCfg = AppStore|iPhone
		{1836BA69-DE73-4F01-AAD7-5096AC1BC3D1}.Debug|Any CPU.ActiveCfg = Debug|iPhone
		{1836BA69-DE73-4F01-AAD7-5096AC1BC3D1}.Debug|ARM.ActiveCfg = Debug|iPhone
		{1836BA69-DE73-4F01-AAD7-5096AC1BC3D1}.Debug|iPhone.ActiveCfg = Debug|iPhone
		{1836BA69-DE73-4F01-AAD7-5096AC1BC3D1}.Debug|iPhone.Build.0 = Debug|iPhone
		{1836BA69-DE73-4F01-AAD7-5096AC1BC3D1}.Debug|iPhoneSimulator.ActiveCfg = Debug|iPhoneSimulator
		{1836BA69-DE73-4F01-AAD7-5096AC1BC3D1}.Debug|iPhoneSimulator.Build.0 = Debug|iPhoneSimulator
		{1836BA69-DE73-4F01-AAD7-5096AC1BC3D1}.Debug|x86.ActiveCfg = Debug|iPhone
		{1836BA69-DE73-4F01-AAD7-5096AC1BC3D1}.Release|Any CPU.ActiveCfg = Release|iPhone
		{1836BA69-DE73-4F01-AAD7-5096AC1BC3D1}.Release|ARM.ActiveCfg = Release|iPhone
		{1836BA69-DE73-4F01-AAD7-5096AC1BC3D1}.Release|iPhone.ActiveCfg = Release|iPhone
		{1836BA69-DE73-4F01-AAD7-5096AC1BC3D1}.Release|iPhone.Build.0 = Release|iPhone
		{1836BA69-DE73-4F01-AAD7-5096AC1BC3D1}.Release|iPhoneSimulator.ActiveCfg = Release|iPhoneSimulator
		{1836BA69-DE73-4F01-AAD7-5096AC1BC3D1}.Release|iPhoneSimulator.Build.0 = Release|iPhoneSimulator
		{1836BA69-DE73-4F01-AAD7-5096AC1BC3D1}.Release|x86.ActiveCfg = Release|iPhone
		{BEFEAF71-EE20-4864-AB37-A3579E8E9253}.Ad-Hoc|Any CPU.ActiveCfg = Release|Any CPU
		{BEFEAF71-EE20-4864-AB37-A3579E8E9253}.Ad-Hoc|Any CPU.Build.0 = Release|Any CPU
		{BEFEAF71-EE20-4864-AB37-A3579E8E9253}.Ad-Hoc|Any CPU.Deploy.0 = Release|Any CPU
		{BEFEAF71-EE20-4864-AB37-A3579E8E9253}.Ad-Hoc|ARM.ActiveCfg = Release|Any CPU
		{BEFEAF71-EE20-4864-AB37-A3579E8E9253}.Ad-Hoc|ARM.Build.0 = Release|Any CPU
		{BEFEAF71-EE20-4864-AB37-A3579E8E9253}.Ad-Hoc|ARM.Deploy.0 = Release|Any CPU
		{BEFEAF71-EE20-4864-AB37-A3579E8E9253}.Ad-Hoc|iPhone.ActiveCfg = Release|Any CPU
		{BEFEAF71-EE20-4864-AB37-A3579E8E9253}.Ad-Hoc|iPhone.Build.0 = Release|Any CPU
		{BEFEAF71-EE20-4864-AB37-A3579E8E9253}.Ad-Hoc|iPhone.Deploy.0 = Release|Any CPU
		{BEFEAF71-EE20-4864-AB37-A3579E8E9253}.Ad-Hoc|iPhoneSimulator.ActiveCfg = Release|Any CPU
		{BEFEAF71-EE20-4864-AB37-A3579E8E9253}.Ad-Hoc|iPhoneSimulator.Build.0 = Release|Any CPU
		{BEFEAF71-EE20-4864-AB37-A3579E8E9253}.Ad-Hoc|iPhoneSimulator.Deploy.0 = Release|Any CPU
		{BEFEAF71-EE20-4864-AB37-A3579E8E9253}.Ad-Hoc|x86.ActiveCfg = Release|Any CPU
		{BEFEAF71-EE20-4864-AB37-A3579E8E9253}.Ad-Hoc|x86.Build.0 = Release|Any CPU
		{BEFEAF71-EE20-4864-AB37-A3579E8E9253}.Ad-Hoc|x86.Deploy.0 = Release|Any CPU
		{BEFEAF71-EE20-4864-AB37-A3579E8E9253}.AppStore|Any CPU.ActiveCfg = Release|Any CPU
		{BEFEAF71-EE20-4864-AB37-A3579E8E9253}.AppStore|Any CPU.Build.0 = Release|Any CPU
		{BEFEAF71-EE20-4864-AB37-A3579E8E9253}.AppStore|Any CPU.Deploy.0 = Release|Any CPU
		{BEFEAF71-EE20-4864-AB37-A3579E8E9253}.AppStore|ARM.ActiveCfg = Release|Any CPU
		{BEFEAF71-EE20-4864-AB37-A3579E8E9253}.AppStore|ARM.Build.0 = Release|Any CPU
		{BEFEAF71-EE20-4864-AB37-A3579E8E9253}.AppStore|ARM.Deploy.0 = Release|Any CPU
		{BEFEAF71-EE20-4864-AB37-A3579E8E9253}.AppStore|iPhone.ActiveCfg = Release|Any CPU
		{BEFEAF71-EE20-4864-AB37-A3579E8E9253}.AppStore|iPhone.Build.0 = Release|Any CPU
		{BEFEAF71-EE20-4864-AB37-A3579E8E9253}.AppStore|iPhone.Deploy.0 = Release|Any CPU
		{BEFEAF71-EE20-4864-AB37-A3579E8E9253}.AppStore|iPhoneSimulator.ActiveCfg = Release|Any CPU
		{BEFEAF71-EE20-4864-AB37-A3579E8E9253}.AppStore|iPhoneSimulator.Build.0 = Release|Any CPU
		{BEFEAF71-EE20-4864-AB37-A3579E8E9253}.AppStore|iPhoneSimulator.Deploy.0 = Release|Any CPU
		{BEFEAF71-EE20-4864-AB37-A3579E8E9253}.AppStore|x86.ActiveCfg = Release|Any CPU
		{BEFEAF71-EE20-4864-AB37-A3579E8E9253}.AppStore|x86.Build.0 = Release|Any CPU
		{BEFEAF71-EE20-4864-AB37-A3579E8E9253}.AppStore|x86.Deploy.0 = Release|Any CPU
		{BEFEAF71-EE20-4864-AB37-A3579E8E9253}.Debug|Any CPU.ActiveCfg = Debug|Any CPU
		{BEFEAF71-EE20-4864-AB37-A3579E8E9253}.Debug|Any CPU.Build.0 = Debug|Any CPU
		{BEFEAF71-EE20-4864-AB37-A3579E8E9253}.Debug|Any CPU.Deploy.0 = Debug|Any CPU
		{BEFEAF71-EE20-4864-AB37-A3579E8E9253}.Debug|ARM.ActiveCfg = Debug|Any CPU
		{BEFEAF71-EE20-4864-AB37-A3579E8E9253}.Debug|ARM.Build.0 = Debug|Any CPU
		{BEFEAF71-EE20-4864-AB37-A3579E8E9253}.Debug|ARM.Deploy.0 = Debug|Any CPU
		{BEFEAF71-EE20-4864-AB37-A3579E8E9253}.Debug|iPhone.ActiveCfg = Debug|Any CPU
		{BEFEAF71-EE20-4864-AB37-A3579E8E9253}.Debug|iPhone.Build.0 = Debug|Any CPU
		{BEFEAF71-EE20-4864-AB37-A3579E8E9253}.Debug|iPhone.Deploy.0 = Debug|Any CPU
		{BEFEAF71-EE20-4864-AB37-A3579E8E9253}.Debug|iPhoneSimulator.ActiveCfg = Debug|Any CPU
		{BEFEAF71-EE20-4864-AB37-A3579E8E9253}.Debug|iPhoneSimulator.Build.0 = Debug|Any CPU
		{BEFEAF71-EE20-4864-AB37-A3579E8E9253}.Debug|iPhoneSimulator.Deploy.0 = Debug|Any CPU
		{BEFEAF71-EE20-4864-AB37-A3579E8E9253}.Debug|x86.ActiveCfg = Debug|Any CPU
		{BEFEAF71-EE20-4864-AB37-A3579E8E9253}.Debug|x86.Build.0 = Debug|Any CPU
		{BEFEAF71-EE20-4864-AB37-A3579E8E9253}.Debug|x86.Deploy.0 = Debug|Any CPU
		{BEFEAF71-EE20-4864-AB37-A3579E8E9253}.Release|Any CPU.ActiveCfg = Release|Any CPU
		{BEFEAF71-EE20-4864-AB37-A3579E8E9253}.Release|Any CPU.Build.0 = Release|Any CPU
		{BEFEAF71-EE20-4864-AB37-A3579E8E9253}.Release|Any CPU.Deploy.0 = Release|Any CPU
		{BEFEAF71-EE20-4864-AB37-A3579E8E9253}.Release|ARM.ActiveCfg = Release|Any CPU
		{BEFEAF71-EE20-4864-AB37-A3579E8E9253}.Release|ARM.Build.0 = Release|Any CPU
		{BEFEAF71-EE20-4864-AB37-A3579E8E9253}.Release|ARM.Deploy.0 = Release|Any CPU
		{BEFEAF71-EE20-4864-AB37-A3579E8E9253}.Release|iPhone.ActiveCfg = Release|Any CPU
		{BEFEAF71-EE20-4864-AB37-A3579E8E9253}.Release|iPhone.Build.0 = Release|Any CPU
		{BEFEAF71-EE20-4864-AB37-A3579E8E9253}.Release|iPhone.Deploy.0 = Release|Any CPU
		{BEFEAF71-EE20-4864-AB37-A3579E8E9253}.Release|iPhoneSimulator.ActiveCfg = Release|Any CPU
		{BEFEAF71-EE20-4864-AB37-A3579E8E9253}.Release|iPhoneSimulator.Build.0 = Release|Any CPU
		{BEFEAF71-EE20-4864-AB37-A3579E8E9253}.Release|iPhoneSimulator.Deploy.0 = Release|Any CPU
		{BEFEAF71-EE20-4864-AB37-A3579E8E9253}.Release|x86.ActiveCfg = Release|Any CPU
		{BEFEAF71-EE20-4864-AB37-A3579E8E9253}.Release|x86.Build.0 = Release|Any CPU
		{BEFEAF71-EE20-4864-AB37-A3579E8E9253}.Release|x86.Deploy.0 = Release|Any CPU
		{FF4E71B3-FB16-40B2-9A7C-A4BDBAC50F4F}.Ad-Hoc|Any CPU.ActiveCfg = Release|Any CPU
		{FF4E71B3-FB16-40B2-9A7C-A4BDBAC50F4F}.Ad-Hoc|Any CPU.Build.0 = Release|Any CPU
		{FF4E71B3-FB16-40B2-9A7C-A4BDBAC50F4F}.Ad-Hoc|Any CPU.Deploy.0 = Release|Any CPU
		{FF4E71B3-FB16-40B2-9A7C-A4BDBAC50F4F}.Ad-Hoc|ARM.ActiveCfg = Release|ARM
		{FF4E71B3-FB16-40B2-9A7C-A4BDBAC50F4F}.Ad-Hoc|ARM.Build.0 = Release|ARM
		{FF4E71B3-FB16-40B2-9A7C-A4BDBAC50F4F}.Ad-Hoc|ARM.Deploy.0 = Release|ARM
		{FF4E71B3-FB16-40B2-9A7C-A4BDBAC50F4F}.Ad-Hoc|iPhone.ActiveCfg = Release|Any CPU
		{FF4E71B3-FB16-40B2-9A7C-A4BDBAC50F4F}.Ad-Hoc|iPhone.Build.0 = Release|Any CPU
		{FF4E71B3-FB16-40B2-9A7C-A4BDBAC50F4F}.Ad-Hoc|iPhone.Deploy.0 = Release|Any CPU
		{FF4E71B3-FB16-40B2-9A7C-A4BDBAC50F4F}.Ad-Hoc|iPhoneSimulator.ActiveCfg = Release|Any CPU
		{FF4E71B3-FB16-40B2-9A7C-A4BDBAC50F4F}.Ad-Hoc|iPhoneSimulator.Build.0 = Release|Any CPU
		{FF4E71B3-FB16-40B2-9A7C-A4BDBAC50F4F}.Ad-Hoc|iPhoneSimulator.Deploy.0 = Release|Any CPU
		{FF4E71B3-FB16-40B2-9A7C-A4BDBAC50F4F}.Ad-Hoc|x86.ActiveCfg = Release|x86
		{FF4E71B3-FB16-40B2-9A7C-A4BDBAC50F4F}.Ad-Hoc|x86.Build.0 = Release|x86
		{FF4E71B3-FB16-40B2-9A7C-A4BDBAC50F4F}.Ad-Hoc|x86.Deploy.0 = Release|x86
		{FF4E71B3-FB16-40B2-9A7C-A4BDBAC50F4F}.AppStore|Any CPU.ActiveCfg = Release|Any CPU
		{FF4E71B3-FB16-40B2-9A7C-A4BDBAC50F4F}.AppStore|Any CPU.Build.0 = Release|Any CPU
		{FF4E71B3-FB16-40B2-9A7C-A4BDBAC50F4F}.AppStore|Any CPU.Deploy.0 = Release|Any CPU
		{FF4E71B3-FB16-40B2-9A7C-A4BDBAC50F4F}.AppStore|ARM.ActiveCfg = Release|ARM
		{FF4E71B3-FB16-40B2-9A7C-A4BDBAC50F4F}.AppStore|ARM.Build.0 = Release|ARM
		{FF4E71B3-FB16-40B2-9A7C-A4BDBAC50F4F}.AppStore|ARM.Deploy.0 = Release|ARM
		{FF4E71B3-FB16-40B2-9A7C-A4BDBAC50F4F}.AppStore|iPhone.ActiveCfg = Release|Any CPU
		{FF4E71B3-FB16-40B2-9A7C-A4BDBAC50F4F}.AppStore|iPhone.Build.0 = Release|Any CPU
		{FF4E71B3-FB16-40B2-9A7C-A4BDBAC50F4F}.AppStore|iPhone.Deploy.0 = Release|Any CPU
		{FF4E71B3-FB16-40B2-9A7C-A4BDBAC50F4F}.AppStore|iPhoneSimulator.ActiveCfg = Release|Any CPU
		{FF4E71B3-FB16-40B2-9A7C-A4BDBAC50F4F}.AppStore|iPhoneSimulator.Build.0 = Release|Any CPU
		{FF4E71B3-FB16-40B2-9A7C-A4BDBAC50F4F}.AppStore|iPhoneSimulator.Deploy.0 = Release|Any CPU
		{FF4E71B3-FB16-40B2-9A7C-A4BDBAC50F4F}.AppStore|x86.ActiveCfg = Release|x86
		{FF4E71B3-FB16-40B2-9A7C-A4BDBAC50F4F}.AppStore|x86.Build.0 = Release|x86
		{FF4E71B3-FB16-40B2-9A7C-A4BDBAC50F4F}.AppStore|x86.Deploy.0 = Release|x86
		{FF4E71B3-FB16-40B2-9A7C-A4BDBAC50F4F}.Debug|Any CPU.ActiveCfg = Debug|Any CPU
		{FF4E71B3-FB16-40B2-9A7C-A4BDBAC50F4F}.Debug|Any CPU.Build.0 = Debug|Any CPU
		{FF4E71B3-FB16-40B2-9A7C-A4BDBAC50F4F}.Debug|Any CPU.Deploy.0 = Debug|Any CPU
		{FF4E71B3-FB16-40B2-9A7C-A4BDBAC50F4F}.Debug|ARM.ActiveCfg = Debug|ARM
		{FF4E71B3-FB16-40B2-9A7C-A4BDBAC50F4F}.Debug|ARM.Build.0 = Debug|ARM
		{FF4E71B3-FB16-40B2-9A7C-A4BDBAC50F4F}.Debug|ARM.Deploy.0 = Debug|ARM
		{FF4E71B3-FB16-40B2-9A7C-A4BDBAC50F4F}.Debug|iPhone.ActiveCfg = Debug|Any CPU
		{FF4E71B3-FB16-40B2-9A7C-A4BDBAC50F4F}.Debug|iPhone.Build.0 = Debug|Any CPU
		{FF4E71B3-FB16-40B2-9A7C-A4BDBAC50F4F}.Debug|iPhone.Deploy.0 = Debug|Any CPU
		{FF4E71B3-FB16-40B2-9A7C-A4BDBAC50F4F}.Debug|iPhoneSimulator.ActiveCfg = Debug|Any CPU
		{FF4E71B3-FB16-40B2-9A7C-A4BDBAC50F4F}.Debug|iPhoneSimulator.Build.0 = Debug|Any CPU
		{FF4E71B3-FB16-40B2-9A7C-A4BDBAC50F4F}.Debug|iPhoneSimulator.Deploy.0 = Debug|Any CPU
		{FF4E71B3-FB16-40B2-9A7C-A4BDBAC50F4F}.Debug|x86.ActiveCfg = Debug|x86
		{FF4E71B3-FB16-40B2-9A7C-A4BDBAC50F4F}.Debug|x86.Build.0 = Debug|x86
		{FF4E71B3-FB16-40B2-9A7C-A4BDBAC50F4F}.Debug|x86.Deploy.0 = Debug|x86
		{FF4E71B3-FB16-40B2-9A7C-A4BDBAC50F4F}.Release|Any CPU.ActiveCfg = Release|Any CPU
		{FF4E71B3-FB16-40B2-9A7C-A4BDBAC50F4F}.Release|Any CPU.Build.0 = Release|Any CPU
		{FF4E71B3-FB16-40B2-9A7C-A4BDBAC50F4F}.Release|Any CPU.Deploy.0 = Release|Any CPU
		{FF4E71B3-FB16-40B2-9A7C-A4BDBAC50F4F}.Release|ARM.ActiveCfg = Release|ARM
		{FF4E71B3-FB16-40B2-9A7C-A4BDBAC50F4F}.Release|ARM.Build.0 = Release|ARM
		{FF4E71B3-FB16-40B2-9A7C-A4BDBAC50F4F}.Release|ARM.Deploy.0 = Release|ARM
		{FF4E71B3-FB16-40B2-9A7C-A4BDBAC50F4F}.Release|iPhone.ActiveCfg = Release|Any CPU
		{FF4E71B3-FB16-40B2-9A7C-A4BDBAC50F4F}.Release|iPhone.Build.0 = Release|Any CPU
		{FF4E71B3-FB16-40B2-9A7C-A4BDBAC50F4F}.Release|iPhone.Deploy.0 = Release|Any CPU
		{FF4E71B3-FB16-40B2-9A7C-A4BDBAC50F4F}.Release|iPhoneSimulator.ActiveCfg = Release|Any CPU
		{FF4E71B3-FB16-40B2-9A7C-A4BDBAC50F4F}.Release|iPhoneSimulator.Build.0 = Release|Any CPU
		{FF4E71B3-FB16-40B2-9A7C-A4BDBAC50F4F}.Release|iPhoneSimulator.Deploy.0 = Release|Any CPU
		{FF4E71B3-FB16-40B2-9A7C-A4BDBAC50F4F}.Release|x86.ActiveCfg = Release|x86
		{FF4E71B3-FB16-40B2-9A7C-A4BDBAC50F4F}.Release|x86.Build.0 = Release|x86
		{FF4E71B3-FB16-40B2-9A7C-A4BDBAC50F4F}.Release|x86.Deploy.0 = Release|x86
	EndGlobalSection
	GlobalSection(SolutionProperties) = preSolution
		HideSolutionNode = FALSE
	EndGlobalSection
	GlobalSection(NestedProjects) = preSolution
		{758AA869-E47E-4672-ABC5-A8BF21B5F1B9} = {6D39788C-8525-4A81-9A7A-716C005C8950}
		{D2DF0C77-203B-47B8-AB6D-100D2F05A8C9} = {6D39788C-8525-4A81-9A7A-716C005C8950}
		{A378B9A3-921B-45F7-9F4A-EF10F4F8E2E1} = {6D39788C-8525-4A81-9A7A-716C005C8950}
		{C9B4FA31-80F8-4C25-84CB-377C40719C41} = {6D39788C-8525-4A81-9A7A-716C005C8950}
		{2E590047-448D-43F9-AECC-BFC181182346} = {B200851D-02A7-49FF-A793-C2B07735B25A}
		{550DF2F3-B5B2-42DC-88A4-482C684D7E2A} = {B200851D-02A7-49FF-A793-C2B07735B25A}
		{4B63441B-9134-4E9D-8D1E-1607401A54E1} = {B200851D-02A7-49FF-A793-C2B07735B25A}
		{6D88959D-37EF-4822-9871-8C9972633FA6} = {B200851D-02A7-49FF-A793-C2B07735B25A}
		{6A2C7D56-AD7B-47FF-ACEE-97D0743874A3} = {CC759AB5-7310-4BC6-8051-E8FBEBF61013}
		{1836BA69-DE73-4F01-AAD7-5096AC1BC3D1} = {CC759AB5-7310-4BC6-8051-E8FBEBF61013}
		{BEFEAF71-EE20-4864-AB37-A3579E8E9253} = {CC759AB5-7310-4BC6-8051-E8FBEBF61013}
		{FF4E71B3-FB16-40B2-9A7C-A4BDBAC50F4F} = {CC759AB5-7310-4BC6-8051-E8FBEBF61013}
	EndGlobalSection
EndGlobal
